
Microsoft Visual Studio Solution File, Format Version 12.00
# Visual Studio Version 17
VisualStudioVersion = 17.11.35303.130
MinimumVisualStudioVersion = 10.0.40219.1
Project("{2150E333-8FDC-42A3-9474-1A3956D46DE8}") = "Task0", "Task0", "{67B09757-B40D-468A-B22F-1992C770A15B}"
EndProject
Project("{9A19103F-16F7-4668-BE54-9A1E7A4F7556}") = "Tyuiu.SilinEV.Sprint2.Task0.V27", "Tyuiu.SilinEV.Sprint2.Task0.V27\Tyuiu.SilinEV.Sprint2.Task0.V27.csproj", "{8E81B7FA-2F62-49BF-85B9-F4227B3DE62C}"
EndProject
Project("{9A19103F-16F7-4668-BE54-9A1E7A4F7556}") = "Tyuiu.SilinEV.Sprint2.Task0.V27.Lib", "Tyuiu.SilinEV.Sprint2.Task0.V27.Lib\Tyuiu.SilinEV.Sprint2.Task0.V27.Lib.csproj", "{F7D7AC07-0310-4DA5-910A-517197EE7CD8}"
EndProject
Project("{9A19103F-16F7-4668-BE54-9A1E7A4F7556}") = "Tyuiu.SilinEV.Sprint2.Task0.V27.Test", "Tyuiu.SilinEV.Sprint2.Task0.V27.Test\Tyuiu.SilinEV.Sprint2.Task0.V27.Test.csproj", "{4444BBAC-6E7B-4DD0-9CF5-548E9039DBE4}"
EndProject
Project("{2150E333-8FDC-42A3-9474-1A3956D46DE8}") = "Task1", "Task1", "{9CE50B0A-3834-44C7-859B-5D18DD7978AA}"
EndProject
Project("{9A19103F-16F7-4668-BE54-9A1E7A4F7556}") = "Tyuiu.SilinEV.Sprint2.Task1.V11", "Tyuiu.SilinEV.Sprint2.Task1.V11\Tyuiu.SilinEV.Sprint2.Task1.V11.csproj", "{3972617D-1ED6-446B-AE20-D0E6FDAF2075}"
EndProject
Project("{9A19103F-16F7-4668-BE54-9A1E7A4F7556}") = "Tyuiu.SilinEV.Sprint2.Task1.V11.Lib", "Tyuiu.SilinEV.Sprint2.Task1.V11.Lib\Tyuiu.SilinEV.Sprint2.Task1.V11.Lib.csproj", "{DD1329AB-5072-4286-ACD7-447E3E4C3E11}"
EndProject
Project("{9A19103F-16F7-4668-BE54-9A1E7A4F7556}") = "Tyuiu.SilinEV.Sprint2.Task1.V11.Test", "Tyuiu.SilinEV.Sprint2.Task1.V11.Test\Tyuiu.SilinEV.Sprint2.Task1.V11.Test.csproj", "{EAE48411-0BC7-4047-879D-DA6833BFCC71}"
EndProject
Project("{2150E333-8FDC-42A3-9474-1A3956D46DE8}") = "Task2", "Task2", "{3B7AA659-5BBC-4E54-8D6C-B5CEACA1CBBB}"
EndProject
Project("{9A19103F-16F7-4668-BE54-9A1E7A4F7556}") = "Tyuiu.SilinEV.Sprint2.Task2.V2", "Tyuiu.SilinEV.Sprint2.Task2.V2\Tyuiu.SilinEV.Sprint2.Task2.V2.csproj", "{3A361FAC-C2A3-41FD-BD63-31A569D3DC9C}"
EndProject
Project("{9A19103F-16F7-4668-BE54-9A1E7A4F7556}") = "Tyuiu.SilinEV.Sprint2.Task2.V2.Lib", "Tyuiu.SilinEV.Sprint2.Task2.V2.Lib\Tyuiu.SilinEV.Sprint2.Task2.V2.Lib.csproj", "{08A43D53-6010-478F-A047-704859E45652}"
EndProject
Project("{9A19103F-16F7-4668-BE54-9A1E7A4F7556}") = "Tyuiu.SilinEV.Sprint2.Task2.V2.Test", "Tyuiu.SilinEV.Sprint2.Task2.V2.Test\Tyuiu.SilinEV.Sprint2.Task2.V2.Test.csproj", "{9E6B611E-2E2B-4EA1-996A-800F2AD388BE}"
EndProject
Project("{2150E333-8FDC-42A3-9474-1A3956D46DE8}") = "Task3", "Task3", "{18A43BDB-04A0-4A9A-8370-B24E3AAA1E7A}"
EndProject
Project("{FAE04EC0-301F-11D3-BF4B-00C04F79EFBC}") = "Tyuiu.SilinEV.Sprint2.Task3.V27", "Tyuiu.SilinEV.Sprint2.Task3.V27\Tyuiu.SilinEV.Sprint2.Task3.V27.csproj", "{A0FAAB2A-CA56-4EB5-AD0D-A2E4F87A715E}"
EndProject
Project("{FAE04EC0-301F-11D3-BF4B-00C04F79EFBC}") = "Tyuiu.SilinEV.Sprint2.Task3.V27.Lib", "Tyuiu.SilinEV.Sprint2.Task3.V27.Lib\Tyuiu.SilinEV.Sprint2.Task3.V27.Lib.csproj", "{CB85A594-79A3-4907-9054-E2071A28BCB9}"
EndProject
Project("{FAE04EC0-301F-11D3-BF4B-00C04F79EFBC}") = "Tyuiu.SilinEV.Sprint2.Task3.V27.Test", "Tyuiu.SilinEV.Sprint2.Task3.V27.Test\Tyuiu.SilinEV.Sprint2.Task3.V27.Test.csproj", "{FD9997BD-35D9-43EE-A5B2-6EA76FA1011D}"
EndProject
Project("{2150E333-8FDC-42A3-9474-1A3956D46DE8}") = "Task4", "Task4", "{70672EEF-4B43-40AF-9901-2C01D936D9E0}"
EndProject
Project("{FAE04EC0-301F-11D3-BF4B-00C04F79EFBC}") = "Tyuiu.SilinEV.Sprint2.Task4.V16", "Tyuiu.SilinEV.Sprint2.Task4.V16\Tyuiu.SilinEV.Sprint2.Task4.V16.csproj", "{C46CD232-E0A5-4BBE-95F8-9C3867EED5A2}"
EndProject
Project("{FAE04EC0-301F-11D3-BF4B-00C04F79EFBC}") = "Tyuiu.SilinEV.Sprint2.Task4.V16.Lib", "Tyuiu.SilinEV.Sprint2.Task4.V16.Lib\Tyuiu.SilinEV.Sprint2.Task4.V16.Lib.csproj", "{90D45642-B95A-4A63-8253-F54D7FC56C5B}"
EndProject
Project("{FAE04EC0-301F-11D3-BF4B-00C04F79EFBC}") = "Tyuiu.SilinEV.Sprint2.Task4.V16.Test", "Tyuiu.SilinEV.Sprint2.Task4.V16.Test\Tyuiu.SilinEV.Sprint2.Task4.V16.Test.csproj", "{7A607354-D8A2-44AF-9756-C7DB6B2F2074}"
EndProject
Global
	GlobalSection(SolutionConfigurationPlatforms) = preSolution
		Debug|Any CPU = Debug|Any CPU
		Release|Any CPU = Release|Any CPU
	EndGlobalSection
	GlobalSection(ProjectConfigurationPlatforms) = postSolution
		{8E81B7FA-2F62-49BF-85B9-F4227B3DE62C}.Debug|Any CPU.ActiveCfg = Debug|Any CPU
		{8E81B7FA-2F62-49BF-85B9-F4227B3DE62C}.Debug|Any CPU.Build.0 = Debug|Any CPU
		{8E81B7FA-2F62-49BF-85B9-F4227B3DE62C}.Release|Any CPU.ActiveCfg = Release|Any CPU
		{8E81B7FA-2F62-49BF-85B9-F4227B3DE62C}.Release|Any CPU.Build.0 = Release|Any CPU
		{F7D7AC07-0310-4DA5-910A-517197EE7CD8}.Debug|Any CPU.ActiveCfg = Debug|Any CPU
		{F7D7AC07-0310-4DA5-910A-517197EE7CD8}.Debug|Any CPU.Build.0 = Debug|Any CPU
		{F7D7AC07-0310-4DA5-910A-517197EE7CD8}.Release|Any CPU.ActiveCfg = Release|Any CPU
		{F7D7AC07-0310-4DA5-910A-517197EE7CD8}.Release|Any CPU.Build.0 = Release|Any CPU
		{4444BBAC-6E7B-4DD0-9CF5-548E9039DBE4}.Debug|Any CPU.ActiveCfg = Debug|Any CPU
		{4444BBAC-6E7B-4DD0-9CF5-548E9039DBE4}.Debug|Any CPU.Build.0 = Debug|Any CPU
		{4444BBAC-6E7B-4DD0-9CF5-548E9039DBE4}.Release|Any CPU.ActiveCfg = Release|Any CPU
		{4444BBAC-6E7B-4DD0-9CF5-548E9039DBE4}.Release|Any CPU.Build.0 = Release|Any CPU
		{3972617D-1ED6-446B-AE20-D0E6FDAF2075}.Debug|Any CPU.ActiveCfg = Debug|Any CPU
		{3972617D-1ED6-446B-AE20-D0E6FDAF2075}.Debug|Any CPU.Build.0 = Debug|Any CPU
		{3972617D-1ED6-446B-AE20-D0E6FDAF2075}.Release|Any CPU.ActiveCfg = Release|Any CPU
		{3972617D-1ED6-446B-AE20-D0E6FDAF2075}.Release|Any CPU.Build.0 = Release|Any CPU
		{DD1329AB-5072-4286-ACD7-447E3E4C3E11}.Debug|Any CPU.ActiveCfg = Debug|Any CPU
		{DD1329AB-5072-4286-ACD7-447E3E4C3E11}.Debug|Any CPU.Build.0 = Debug|Any CPU
		{DD1329AB-5072-4286-ACD7-447E3E4C3E11}.Release|Any CPU.ActiveCfg = Release|Any CPU
		{DD1329AB-5072-4286-ACD7-447E3E4C3E11}.Release|Any CPU.Build.0 = Release|Any CPU
		{EAE48411-0BC7-4047-879D-DA6833BFCC71}.Debug|Any CPU.ActiveCfg = Debug|Any CPU
		{EAE48411-0BC7-4047-879D-DA6833BFCC71}.Debug|Any CPU.Build.0 = Debug|Any CPU
		{EAE48411-0BC7-4047-879D-DA6833BFCC71}.Release|Any CPU.ActiveCfg = Release|Any CPU
		{EAE48411-0BC7-4047-879D-DA6833BFCC71}.Release|Any CPU.Build.0 = Release|Any CPU
		{3A361FAC-C2A3-41FD-BD63-31A569D3DC9C}.Debug|Any CPU.ActiveCfg = Debug|Any CPU
		{3A361FAC-C2A3-41FD-BD63-31A569D3DC9C}.Debug|Any CPU.Build.0 = Debug|Any CPU
		{3A361FAC-C2A3-41FD-BD63-31A569D3DC9C}.Release|Any CPU.ActiveCfg = Release|Any CPU
		{3A361FAC-C2A3-41FD-BD63-31A569D3DC9C}.Release|Any CPU.Build.0 = Release|Any CPU
		{08A43D53-6010-478F-A047-704859E45652}.Debug|Any CPU.ActiveCfg = Debug|Any CPU
		{08A43D53-6010-478F-A047-704859E45652}.Debug|Any CPU.Build.0 = Debug|Any CPU
		{08A43D53-6010-478F-A047-704859E45652}.Release|Any CPU.ActiveCfg = Release|Any CPU
		{08A43D53-6010-478F-A047-704859E45652}.Release|Any CPU.Build.0 = Release|Any CPU
		{9E6B611E-2E2B-4EA1-996A-800F2AD388BE}.Debug|Any CPU.ActiveCfg = Debug|Any CPU
		{9E6B611E-2E2B-4EA1-996A-800F2AD388BE}.Debug|Any CPU.Build.0 = Debug|Any CPU
		{9E6B611E-2E2B-4EA1-996A-800F2AD388BE}.Release|Any CPU.ActiveCfg = Release|Any CPU
		{9E6B611E-2E2B-4EA1-996A-800F2AD388BE}.Release|Any CPU.Build.0 = Release|Any CPU
		{A0FAAB2A-CA56-4EB5-AD0D-A2E4F87A715E}.Debug|Any CPU.ActiveCfg = Debug|Any CPU
		{A0FAAB2A-CA56-4EB5-AD0D-A2E4F87A715E}.Debug|Any CPU.Build.0 = Debug|Any CPU
		{A0FAAB2A-CA56-4EB5-AD0D-A2E4F87A715E}.Release|Any CPU.ActiveCfg = Release|Any CPU
		{A0FAAB2A-CA56-4EB5-AD0D-A2E4F87A715E}.Release|Any CPU.Build.0 = Release|Any CPU
		{CB85A594-79A3-4907-9054-E2071A28BCB9}.Debug|Any CPU.ActiveCfg = Debug|Any CPU
		{CB85A594-79A3-4907-9054-E2071A28BCB9}.Debug|Any CPU.Build.0 = Debug|Any CPU
		{CB85A594-79A3-4907-9054-E2071A28BCB9}.Release|Any CPU.ActiveCfg = Release|Any CPU
		{CB85A594-79A3-4907-9054-E2071A28BCB9}.Release|Any CPU.Build.0 = Release|Any CPU
		{FD9997BD-35D9-43EE-A5B2-6EA76FA1011D}.Debug|Any CPU.ActiveCfg = Debug|Any CPU
		{FD9997BD-35D9-43EE-A5B2-6EA76FA1011D}.Debug|Any CPU.Build.0 = Debug|Any CPU
		{FD9997BD-35D9-43EE-A5B2-6EA76FA1011D}.Release|Any CPU.ActiveCfg = Release|Any CPU
		{FD9997BD-35D9-43EE-A5B2-6EA76FA1011D}.Release|Any CPU.Build.0 = Release|Any CPU
		{C46CD232-E0A5-4BBE-95F8-9C3867EED5A2}.Debug|Any CPU.ActiveCfg = Debug|Any CPU
		{C46CD232-E0A5-4BBE-95F8-9C3867EED5A2}.Debug|Any CPU.Build.0 = Debug|Any CPU
		{C46CD232-E0A5-4BBE-95F8-9C3867EED5A2}.Release|Any CPU.ActiveCfg = Release|Any CPU
		{C46CD232-E0A5-4BBE-95F8-9C3867EED5A2}.Release|Any CPU.Build.0 = Release|Any CPU
		{90D45642-B95A-4A63-8253-F54D7FC56C5B}.Debug|Any CPU.ActiveCfg = Debug|Any CPU
		{90D45642-B95A-4A63-8253-F54D7FC56C5B}.Debug|Any CPU.Build.0 = Debug|Any CPU
		{90D45642-B95A-4A63-8253-F54D7FC56C5B}.Release|Any CPU.ActiveCfg = Release|Any CPU
		{90D45642-B95A-4A63-8253-F54D7FC56C5B}.Release|Any CPU.Build.0 = Release|Any CPU
		{7A607354-D8A2-44AF-9756-C7DB6B2F2074}.Debug|Any CPU.ActiveCfg = Debug|Any CPU
		{7A607354-D8A2-44AF-9756-C7DB6B2F2074}.Debug|Any CPU.Build.0 = Debug|Any CPU
		{7A607354-D8A2-44AF-9756-C7DB6B2F2074}.Release|Any CPU.ActiveCfg = Release|Any CPU
		{7A607354-D8A2-44AF-9756-C7DB6B2F2074}.Release|Any CPU.Build.0 = Release|Any CPU
	EndGlobalSection
	GlobalSection(SolutionProperties) = preSolution
		HideSolutionNode = FALSE
	EndGlobalSection
	GlobalSection(NestedProjects) = preSolution
		{8E81B7FA-2F62-49BF-85B9-F4227B3DE62C} = {67B09757-B40D-468A-B22F-1992C770A15B}
		{F7D7AC07-0310-4DA5-910A-517197EE7CD8} = {67B09757-B40D-468A-B22F-1992C770A15B}
		{4444BBAC-6E7B-4DD0-9CF5-548E9039DBE4} = {67B09757-B40D-468A-B22F-1992C770A15B}
		{3972617D-1ED6-446B-AE20-D0E6FDAF2075} = {9CE50B0A-3834-44C7-859B-5D18DD7978AA}
		{DD1329AB-5072-4286-ACD7-447E3E4C3E11} = {9CE50B0A-3834-44C7-859B-5D18DD7978AA}
		{EAE48411-0BC7-4047-879D-DA6833BFCC71} = {9CE50B0A-3834-44C7-859B-5D18DD7978AA}
		{3A361FAC-C2A3-41FD-BD63-31A569D3DC9C} = {3B7AA659-5BBC-4E54-8D6C-B5CEACA1CBBB}
		{08A43D53-6010-478F-A047-704859E45652} = {3B7AA659-5BBC-4E54-8D6C-B5CEACA1CBBB}
		{9E6B611E-2E2B-4EA1-996A-800F2AD388BE} = {3B7AA659-5BBC-4E54-8D6C-B5CEACA1CBBB}
		{A0FAAB2A-CA56-4EB5-AD0D-A2E4F87A715E} = {18A43BDB-04A0-4A9A-8370-B24E3AAA1E7A}
		{CB85A594-79A3-4907-9054-E2071A28BCB9} = {18A43BDB-04A0-4A9A-8370-B24E3AAA1E7A}
		{FD9997BD-35D9-43EE-A5B2-6EA76FA1011D} = {18A43BDB-04A0-4A9A-8370-B24E3AAA1E7A}
		{C46CD232-E0A5-4BBE-95F8-9C3867EED5A2} = {70672EEF-4B43-40AF-9901-2C01D936D9E0}
		{90D45642-B95A-4A63-8253-F54D7FC56C5B} = {70672EEF-4B43-40AF-9901-2C01D936D9E0}
		{7A607354-D8A2-44AF-9756-C7DB6B2F2074} = {70672EEF-4B43-40AF-9901-2C01D936D9E0}
	EndGlobalSection
	GlobalSection(ExtensibilityGlobals) = postSolution
		SolutionGuid = {8CF83BFA-CCF8-49A5-AD13-02E3FCDB12F7}
	EndGlobalSection
EndGlobal
